// !$*UTF8*$!
{
	archiveVersion = 1;
	classes = {
	};
	objectVersion = 60;
	objects = {

/* Begin PBXBuildFile section */
		A00000000000000000000018 /* Friday/FridayApp.swift in Sources */ = {isa = PBXBuildFile; fileRef = A00000000000000000000007 /* Friday/FridayApp.swift */; };
		A00000000000000000000019 /* FridayKit in Frameworks */ = {isa = PBXBuildFile; productRef = A00000000000000000000030 /* FridayKit */; };
		A00000000000000000000027 /* FridayShare/ShareViewController.swift in Sources */ = {isa = PBXBuildFile; fileRef = A00000000000000000000008 /* FridayShare/ShareViewController.swift */; };
		A00000000000000000000033 /* FridayShare.appex in Embed App Extensions */ = {isa = PBXBuildFile; fileRef = A00000000000000000000021 /* FridayShare.appex */; settings = {ATTRIBUTES = (RemoveHeadersOnCopy, ); }; };
		A00000000000000000000035 /* Friday/Assets.xcassets in Resources */ = {isa = PBXBuildFile; fileRef = A00000000000000000000034 /* Friday/Assets.xcassets */; };
		A00000000000000000000048 /* Friday/FridayApp.swift in Sources */ = {isa = PBXBuildFile; fileRef = A00000000000000000000007 /* Friday/FridayApp.swift */; };
		A00000000000000000000049 /* FridayKit in Frameworks */ = {isa = PBXBuildFile; productRef = A00000000000000000000051 /* FridayKit */; };
		A00000000000000000000052 /* Friday/Assets.xcassets in Resources */ = {isa = PBXBuildFile; fileRef = A00000000000000000000034 /* Friday/Assets.xcassets */; };
/* End PBXBuildFile section */

/* Begin PBXContainerItemProxy section */
		A00000000000000000000032 /* PBXContainerItemProxy */ = {
			isa = PBXContainerItemProxy;
			containerPortal = A00000000000000000000001 /* Project object */;
			proxyType = 1;
			remoteGlobalIDString = A00000000000000000000020;
			remoteInfo = FridayShare;
		};
/* End PBXContainerItemProxy section */

/* Begin PBXCopyFilesBuildPhase section */
		A00000000000000000000017 /* Embed App Extensions */ = {
			isa = PBXCopyFilesBuildPhase;
			buildActionMask = 2147483647;
			dstPath = "";
			dstSubfolderSpec = 13;
			files = (
				A00000000000000000000033 /* FridayShare.appex in Embed App Extensions */,
			);
			name = "Embed App Extensions";
			runOnlyForDeploymentPostprocessing = 0;
		};
/* End PBXCopyFilesBuildPhase section */

/* Begin PBXFileReference section */
		A00000000000000000000007 /* Friday/FridayApp.swift */ = {isa = PBXFileReference; lastKnownFileType = sourcecode.swift; path = Friday/FridayApp.swift; sourceTree = "<group>"; };
		A00000000000000000000008 /* FridayShare/ShareViewController.swift */ = {isa = PBXFileReference; lastKnownFileType = sourcecode.swift; path = FridayShare/ShareViewController.swift; sourceTree = "<group>"; };
		A00000000000000000000009 /* Friday.entitlements */ = {isa = PBXFileReference; lastKnownFileType = text.plist.entitlements; path = Friday.entitlements; sourceTree = "<group>"; };
		A00000000000000000000011 /* Friday.app */ = {isa = PBXFileReference; explicitFileType = wrapper.application; includeInIndex = 0; path = Friday.app; sourceTree = BUILT_PRODUCTS_DIR; };
		A00000000000000000000021 /* FridayShare.appex */ = {isa = PBXFileReference; explicitFileType = "wrapper.app-extension"; includeInIndex = 0; path = FridayShare.appex; sourceTree = BUILT_PRODUCTS_DIR; };
		A00000000000000000000034 /* Friday/Assets.xcassets */ = {isa = PBXFileReference; lastKnownFileType = folder.assetcatalog; path = Friday/Assets.xcassets; sourceTree = "<group>"; };
		A00000000000000000000041 /* FridayPersonal.app */ = {isa = PBXFileReference; explicitFileType = wrapper.application; includeInIndex = 0; path = FridayPersonal.app; sourceTree = BUILT_PRODUCTS_DIR; };
		A00000000000000000000050 /* Friday/Info-personal.plist */ = {isa = PBXFileReference; lastKnownFileType = text.plist.xml; path = "Friday/Info-personal.plist"; sourceTree = "<group>"; };
/* End PBXFileReference section */

/* Begin PBXFrameworksBuildPhase section */
		A00000000000000000000016 /* Frameworks */ = {
			isa = PBXFrameworksBuildPhase;
			buildActionMask = 2147483647;
			files = (
				A00000000000000000000019 /* FridayKit in Frameworks */,
			);
			runOnlyForDeploymentPostprocessing = 0;
		};
		A00000000000000000000026 /* Frameworks */ = {
			isa = PBXFrameworksBuildPhase;
			buildActionMask = 2147483647;
			files = (
			);
			runOnlyForDeploymentPostprocessing = 0;
		};
		A00000000000000000000046 /* Frameworks */ = {
			isa = PBXFrameworksBuildPhase;
			buildActionMask = 2147483647;
			files = (
				A00000000000000000000049 /* FridayKit in Frameworks */,
			);
			runOnlyForDeploymentPostprocessing = 0;
		};
/* End PBXFrameworksBuildPhase section */

/* Begin PBXGroup section */
		A00000000000000000000005 = {
			isa = PBXGroup;
			children = (
				A00000000000000000000007 /* Friday/FridayApp.swift */,
				A00000000000000000000008 /* FridayShare/ShareViewController.swift */,
				A00000000000000000000009 /* Friday.entitlements */,
				A00000000000000000000034 /* Friday/Assets.xcassets */,
				A00000000000000000000050 /* Friday/Info-personal.plist */,
				A00000000000000000000006 /* Products */,
			);
			sourceTree = "<group>";
		};
		A00000000000000000000006 /* Products */ = {
			isa = PBXGroup;
			children = (
				A00000000000000000000011 /* Friday.app */,
				A00000000000000000000021 /* FridayShare.appex */,
				A00000000000000000000041 /* FridayPersonal.app */,
			);
			name = Products;
			sourceTree = "<group>";
		};
/* End PBXGroup section */

/* Begin PBXNativeTarget section */
		A00000000000000000000010 /* Friday */ = {
			isa = PBXNativeTarget;
			buildConfigurationList = A00000000000000000000012 /* Build configuration list for PBXNativeTarget "Friday" */;
			buildPhases = (
				A00000000000000000000015 /* Sources */,
				A00000000000000000000016 /* Frameworks */,
				A00000000000000000000017 /* Embed App Extensions */,
				A00000000000000000000036 /* Resources */,
			);
			buildRules = (
			);
			dependencies = (
				A00000000000000000000031 /* PBXTargetDependency */,
			);
			name = Friday;
			packageProductDependencies = (
				A00000000000000000000030 /* FridayKit */,
			);
			productName = Friday;
			productReference = A00000000000000000000011 /* Friday.app */;
			productType = "com.apple.product-type.application";
		};
		A00000000000000000000020 /* FridayShare */ = {
			isa = PBXNativeTarget;
			buildConfigurationList = A00000000000000000000022 /* Build configuration list for PBXNativeTarget "FridayShare" */;
			buildPhases = (
				A00000000000000000000025 /* Sources */,
				A00000000000000000000026 /* Frameworks */,
			);
			buildRules = (
			);
			dependencies = (
			);
			name = FridayShare;
			productName = FridayShare;
			productReference = A00000000000000000000021 /* FridayShare.appex */;
			productType = "com.apple.product-type.app-extension";
		};
		A00000000000000000000040 /* FridayPersonal */ = {
			isa = PBXNativeTarget;
			buildConfigurationList = A00000000000000000000042 /* Build configuration list for PBXNativeTarget "FridayPersonal" */;
			buildPhases = (
				A00000000000000000000045 /* Sources */,
				A00000000000000000000046 /* Frameworks */,
				A00000000000000000000047 /* Resources */,
			);
			buildRules = (
			);
			dependencies = (
			);
			name = FridayPersonal;
			packageProductDependencies = (
				A00000000000000000000051 /* FridayKit */,
			);
			productName = FridayPersonal;
			productReference = A00000000000000000000041 /* FridayPersonal.app */;
			productType = "com.apple.product-type.application";
		};
/* End PBXNativeTarget section */

/* Begin PBXProject section */
		A00000000000000000000001 /* Project object */ = {
			isa = PBXProject;
			attributes = {
				BuildIndependentTargetsInParallel = YES;
				LastUpgradeCheck = 1600;
			};
			buildConfigurationList = A00000000000000000000002 /* Build configuration list for PBXProject "Friday" */;
			compatibilityVersion = "Xcode 14.0";
			developmentRegion = en;
			hasScannedForEncodings = 0;
			knownRegions = (
				en,
				Base,
				"zh-Hans",
			);
			mainGroup = A00000000000000000000005;
			packageReferences = (
				A00000000000000000000029 /* XCLocalSwiftPackageReference "../apple" */,
			);
			productRefGroup = A00000000000000000000006 /* Products */;
			projectDirPath = "";
			projectRoot = "";
			targets = (
				A00000000000000000000010 /* Friday */,
				A00000000000000000000020 /* FridayShare */,
				A00000000000000000000040 /* FridayPersonal */,
			);
		};
/* End PBXProject section */

/* Begin PBXResourcesBuildPhase section */
		A00000000000000000000036 /* Resources */ = {
			isa = PBXResourcesBuildPhase;
			buildActionMask = 2147483647;
			files = (
				A00000000000000000000035 /* Friday/Assets.xcassets in Resources */,
			);
			runOnlyForDeploymentPostprocessing = 0;
		};
		A00000000000000000000047 /* Resources */ = {
			isa = PBXResourcesBuildPhase;
			buildActionMask = 2147483647;
			files = (
				A00000000000000000000052 /* Friday/Assets.xcassets in Resources */,
			);
			runOnlyForDeploymentPostprocessing = 0;
		};
/* End PBXResourcesBuildPhase section */

/* Begin PBXSourcesBuildPhase section */
		A00000000000000000000015 /* Sources */ = {
			isa = PBXSourcesBuildPhase;
			buildActionMask = 2147483647;
			files = (
				A00000000000000000000018 /* Friday/FridayApp.swift in Sources */,
			);
			runOnlyForDeploymentPostprocessing = 0;
		};
		A00000000000000000000025 /* Sources */ = {
			isa = PBXSourcesBuildPhase;
			buildActionMask = 2147483647;
			files = (
				A00000000000000000000027 /* FridayShare/ShareViewController.swift in Sources */,
			);
			runOnlyForDeploymentPostprocessing = 0;
		};
		A00000000000000000000045 /* Sources */ = {
			isa = PBXSourcesBuildPhase;
			buildActionMask = 2147483647;
			files = (
				A00000000000000000000048 /* Friday/FridayApp.swift in Sources */,
			);
			runOnlyForDeploymentPostprocessing = 0;
		};
/* End PBXSourcesBuildPhase section */

/* Begin PBXTargetDependency section */
		A00000000000000000000031 /* PBXTargetDependency */ = {
			isa = PBXTargetDependency;
			target = A00000000000000000000020 /* FridayShare */;
			targetProxy = A00000000000000000000032 /* PBXContainerItemProxy */;
		};
/* End PBXTargetDependency section */

/* Begin XCBuildConfiguration section */
		A00000000000000000000003 /* Debug */ = {
			isa = XCBuildConfiguration;
			buildSettings = {
				CLANG_ENABLE_MODULES = YES;
				FRIDAY_APP_GROUP = group.dev.friday.personal;
				FRIDAY_BUNDLE_PREFIX = dev.friday.personal;
				IPHONEOS_DEPLOYMENT_TARGET = 17.0;
				SDKROOT = iphoneos;
				SWIFT_ACTIVE_COMPILATION_CONDITIONS = DEBUG;
				SWIFT_OPTIMIZATION_LEVEL = "-Onone";
				SWIFT_VERSION = 5.0;
			};
			name = Debug;
		};
		A00000000000000000000004 /* Release */ = {
			isa = XCBuildConfiguration;
			buildSettings = {
				CLANG_ENABLE_MODULES = YES;
				FRIDAY_APP_GROUP = group.dev.friday.personal;
				FRIDAY_BUNDLE_PREFIX = dev.friday.personal;
				IPHONEOS_DEPLOYMENT_TARGET = 17.0;
				SDKROOT = iphoneos;
				SWIFT_COMPILATION_MODE = wholemodule;
				SWIFT_OPTIMIZATION_LEVEL = "-O";
				SWIFT_VERSION = 5.0;
			};
			name = Release;
		};
		A00000000000000000000013 /* Debug */ = {
			isa = XCBuildConfiguration;
			buildSettings = {
				ASSETCATALOG_COMPILER_APPICON_NAME = AppIcon;
				CODE_SIGN_ENTITLEMENTS = Friday.entitlements;
				CODE_SIGN_STYLE = Automatic;
				INFOPLIST_FILE = Friday/Info.plist;
				PRODUCT_BUNDLE_IDENTIFIER = "$(FRIDAY_BUNDLE_PREFIX)";
				PRODUCT_NAME = "$(TARGET_NAME)";
				SUPPORTED_PLATFORMS = "iphoneos iphonesimulator";
				TARGETED_DEVICE_FAMILY = "1,2";
			};
			name = Debug;
		};
		A00000000000000000000014 /* Release */ = {
			isa = XCBuildConfiguration;
			buildSettings = {
				ASSETCATALOG_COMPILER_APPICON_NAME = AppIcon;
				CODE_SIGN_ENTITLEMENTS = Friday.entitlements;
				CODE_SIGN_STYLE = Automatic;
				INFOPLIST_FILE = Friday/Info.plist;
				PRODUCT_BUNDLE_IDENTIFIER = "$(FRIDAY_BUNDLE_PREFIX)";
				PRODUCT_NAME = "$(TARGET_NAME)";
				SUPPORTED_PLATFORMS = "iphoneos iphonesimulator";
				TARGETED_DEVICE_FAMILY = "1,2";
			};
			name = Release;
		};
		A00000000000000000000023 /* Debug */ = {
			isa = XCBuildConfiguration;
			buildSettings = {
				APPLICATION_EXTENSION_API_ONLY = YES;
				CODE_SIGN_ENTITLEMENTS = Friday.entitlements;
				CODE_SIGN_STYLE = Automatic;
				INFOPLIST_FILE = FridayShare/Info.plist;
				PRODUCT_BUNDLE_IDENTIFIER = "$(FRIDAY_BUNDLE_PREFIX).share";
				PRODUCT_NAME = "$(TARGET_NAME)";
				SKIP_INSTALL = YES;
				SUPPORTED_PLATFORMS = "iphoneos iphonesimulator";
				TARGETED_DEVICE_FAMILY = "1,2";
			};
			name = Debug;
		};
		A00000000000000000000024 /* Release */ = {
			isa = XCBuildConfiguration;
			buildSettings = {
				APPLICATION_EXTENSION_API_ONLY = YES;
				CODE_SIGN_ENTITLEMENTS = Friday.entitlements;
				CODE_SIGN_STYLE = Automatic;
				INFOPLIST_FILE = FridayShare/Info.plist;
				PRODUCT_BUNDLE_IDENTIFIER = "$(FRIDAY_BUNDLE_PREFIX).share";
				PRODUCT_NAME = "$(TARGET_NAME)";
				SKIP_INSTALL = YES;
				SUPPORTED_PLATFORMS = "iphoneos iphonesimulator";
				TARGETED_DEVICE_FAMILY = "1,2";
			};
			name = Release;
		};
		A00000000000000000000043 /* Debug */ = {
			isa = XCBuildConfiguration;
			buildSettings = {
				ASSETCATALOG_COMPILER_APPICON_NAME = AppIcon;
				CODE_SIGN_ENTITLEMENTS = "";
				CODE_SIGN_STYLE = Automatic;
				FRIDAY_APP_GROUP = "";
				INFOPLIST_FILE = "Friday/Info-personal.plist";
				PRODUCT_BUNDLE_IDENTIFIER = "$(FRIDAY_BUNDLE_PREFIX).standalone";
				PRODUCT_NAME = "$(TARGET_NAME)";
				SUPPORTED_PLATFORMS = "iphoneos iphonesimulator";
				TARGETED_DEVICE_FAMILY = "1,2";
			};
			name = Debug;
		};
		A00000000000000000000044 /* Release */ = {
			isa = XCBuildConfiguration;
			buildSettings = {
				ASSETCATALOG_COMPILER_APPICON_NAME = AppIcon;
				CODE_SIGN_ENTITLEMENTS = "";
				CODE_SIGN_STYLE = Automatic;
				FRIDAY_APP_GROUP = "";
				INFOPLIST_FILE = "Friday/Info-personal.plist";
				PRODUCT_BUNDLE_IDENTIFIER = "$(FRIDAY_BUNDLE_PREFIX).standalone";
				PRODUCT_NAME = "$(TARGET_NAME)";
				SUPPORTED_PLATFORMS = "iphoneos iphonesimulator";
				TARGETED_DEVICE_FAMILY = "1,2";
			};
			name = Release;
		};
/* End XCBuildConfiguration section */

/* Begin XCConfigurationList section */
		A00000000000000000000002 /* Build configuration list for PBXProject "Friday" */ = {
			isa = XCConfigurationList;
			buildConfigurations = (
				A00000000000000000000003 /* Debug */,
				A00000000000000000000004 /* Release */,
			);
			defaultConfigurationIsVisible = 0;
			defaultConfigurationName = Release;
		};
		A00000000000000000000012 /* Build configuration list for PBXNativeTarget "Friday" */ = {
			isa = XCConfigurationList;
			buildConfigurations = (
				A00000000000000000000013 /* Debug */,
				A00000000000000000000014 /* Release */,
			);
			defaultConfigurationIsVisible = 0;
			defaultConfigurationName = Release;
		};
		A00000000000000000000022 /* Build configuration list for PBXNativeTarget "FridayShare" */ = {
			isa = XCConfigurationList;
			buildConfigurations = (
				A00000000000000000000023 /* Debug */,
				A00000000000000000000024 /* Release */,
			);
			defaultConfigurationIsVisible = 0;
			defaultConfigurationName = Release;
		};
		A00000000000000000000042 /* Build configuration list for PBXNativeTarget "FridayPersonal" */ = {
			isa = XCConfigurationList;
			buildConfigurations = (
				A00000000000000000000043 /* Debug */,
				A00000000000000000000044 /* Release */,
			);
			defaultConfigurationIsVisible = 0;
			defaultConfigurationName = Release;
		};
/* End XCConfigurationList section */

/* Begin XCLocalSwiftPackageReference section */
		A00000000000000000000029 /* XCLocalSwiftPackageReference "../apple" */ = {
			isa = XCLocalSwiftPackageReference;
			relativePath = ../apple;
		};
/* End XCLocalSwiftPackageReference section */

/* Begin XCSwiftPackageProductDependency section */
		A00000000000000000000030 /* FridayKit */ = {
			isa = XCSwiftPackageProductDependency;
			package = A00000000000000000000029 /* XCLocalSwiftPackageReference "../apple" */;
			productName = FridayKit;
		};
		A00000000000000000000051 /* FridayKit */ = {
			isa = XCSwiftPackageProductDependency;
			package = A00000000000000000000029 /* XCLocalSwiftPackageReference "../apple" */;
			productName = FridayKit;
		};
/* End XCSwiftPackageProductDependency section */
	};
	rootObject = A00000000000000000000001 /* Project object */;
}
